
Microsoft Visual Studio Solution File, Format Version 12.00
# Visual Studio 15
VisualStudioVersion = 15.0.27703.2042
MinimumVisualStudioVersion = 10.0.40219.1
Project("{9A19103F-16F7-4668-BE54-9A1E7A4F7556}") = "Mingle", "src\Mingle\Mingle.csproj", "{55B3274C-F45C-49DB-894A-06EAC6E3718A}"
EndProject
Project("{FAE04EC0-301F-11D3-BF4B-00C04F79EFBC}") = "MIingle.Tests", "test\MIingle.Tests\MIingle.Tests.csproj", "{46B02BCD-DD79-47B4-8C5C-561324268403}"
EndProject
Global
	GlobalSection(SolutionConfigurationPlatforms) = preSolution
		Debug|Any CPU = Debug|Any CPU
		Release|Any CPU = Release|Any CPU
	EndGlobalSection
	GlobalSection(ProjectConfigurationPlatforms) = postSolution
		{55B3274C-F45C-49DB-894A-06EAC6E3718A}.Debug|Any CPU.ActiveCfg = Debug|Any CPU
		{55B3274C-F45C-49DB-894A-06EAC6E3718A}.Debug|Any CPU.Build.0 = Debug|Any CPU
		{55B3274C-F45C-49DB-894A-06EAC6E3718A}.Release|Any CPU.ActiveCfg = Release|Any CPU
		{55B3274C-F45C-49DB-894A-06EAC6E3718A}.Release|Any CPU.Build.0 = Release|Any CPU
		{46B02BCD-DD79-47B4-8C5C-561324268403}.Debug|Any CPU.ActiveCfg = Debug|Any CPU
		{46B02BCD-DD79-47B4-8C5C-561324268403}.Debug|Any CPU.Build.0 = Debug|Any CPU
		{46B02BCD-DD79-47B4-8C5C-561324268403}.Release|Any CPU.ActiveCfg = Release|Any CPU
		{46B02BCD-DD79-47B4-8C5C-561324268403}.Release|Any CPU.Build.0 = Release|Any CPU
	EndGlobalSection
	GlobalSection(SolutionProperties) = preSolution
		HideSolutionNode = FALSE
	EndGlobalSection
	GlobalSection(ExtensibilityGlobals) = postSolution
		SolutionGuid = {20B56190-F1C9-44BF-9954-1FC3ED49C483}
	EndGlobalSection
EndGlobal
